
Microsoft Visual Studio Solution File, Format Version 12.00
# Visual Studio Version 17
VisualStudioVersion = 17.0.32014.148
MinimumVisualStudioVersion = 10.0.40219.1
Project("{9A19103F-16F7-4668-BE54-9A1E7A4F7556}") = "AntiVM_cs", "AntiVM_cs.csproj", "{9A97DCD3-E055-4220-BA93-5316F2242D87}"
EndProject
Project("{2150E333-8FDC-42A3-9474-1A3956D46DE8}") = "vmtool2", "vmtool2", "{5E394C71-934A-48D9-97B4-1196361877C8}"
	ProjectSection(SolutionItems) = preProject
		..\..\..\Downloads\vboxshare\oldvmtools\x\autorun.ico = ..\..\..\Downloads\vboxshare\oldvmtools\x\autorun.ico
		..\..\..\Downloads\vboxshare\oldvmtools\x\autorun.inf = ..\..\..\Downloads\vboxshare\oldvmtools\x\autorun.inf
		..\..\..\Downloads\vboxshare\oldvmtools\x\manifest.txt = ..\..\..\Downloads\vboxshare\oldvmtools\x\manifest.txt
		..\..\..\Downloads\vboxshare\oldvmtools\x\setup.exe = ..\..\..\Downloads\vboxshare\oldvmtools\x\setup.exe
		..\..\..\Downloads\vboxshare\oldvmtools\x\setup64.exe = ..\..\..\Downloads\vboxshare\oldvmtools\x\setup64.exe
		..\..\..\Downloads\vboxshare\oldvmtools\x\VMwareToolsUpgrader.exe = ..\..\..\Downloads\vboxshare\oldvmtools\x\VMwareToolsUpgrader.exe
	EndProjectSection
EndProject
Global
	GlobalSection(SolutionConfigurationPlatforms) = preSolution
		Debug|Any CPU = Debug|Any CPU
		Release|Any CPU = Release|Any CPU
	EndGlobalSection
	GlobalSection(ProjectConfigurationPlatforms) = postSolution
		{9A97DCD3-E055-4220-BA93-5316F2242D87}.Debug|Any CPU.ActiveCfg = Debug|Any CPU
		{9A97DCD3-E055-4220-BA93-5316F2242D87}.Debug|Any CPU.Build.0 = Debug|Any CPU
		{9A97DCD3-E055-4220-BA93-5316F2242D87}.Release|Any CPU.ActiveCfg = Release|Any CPU
		{9A97DCD3-E055-4220-BA93-5316F2242D87}.Release|Any CPU.Build.0 = Release|Any CPU
	EndGlobalSection
	GlobalSection(SolutionProperties) = preSolution
		HideSolutionNode = FALSE
	EndGlobalSection
	GlobalSection(ExtensibilityGlobals) = postSolution
		SolutionGuid = {26137844-65B2-410B-8842-6AD3DF4BE8AC}
	EndGlobalSection
EndGlobal
